
Microsoft Visual Studio Solution File, Format Version 12.00
# Visual Studio Version 16
VisualStudioVersion = 16.0.29230.47
MinimumVisualStudioVersion = 10.0.40219.1
Project("{FAE04EC0-301F-11D3-BF4B-00C04F79EFBC}") = "mprFastViewCut_2015", "mprFastViewCut_2015\mprFastViewCut_2015.csproj", "{351D54CF-FDA4-4196-A5C2-2EB241EDB07E}"
EndProject
Project("{FAE04EC0-301F-11D3-BF4B-00C04F79EFBC}") = "mprFastViewCut_2016", "mprFastViewCut_2016\mprFastViewCut_2016.csproj", "{2E4CA71A-0A71-46F1-94E3-4DD9C74188B9}"
EndProject
Project("{FAE04EC0-301F-11D3-BF4B-00C04F79EFBC}") = "mprFastViewCut_2017", "mprFastViewCut_2017\mprFastViewCut_2017.csproj", "{F4485AE7-B3E2-4AE3-8F56-C6397B7BC9B0}"
EndProject
Project("{FAE04EC0-301F-11D3-BF4B-00C04F79EFBC}") = "mprFastViewCut_2018", "mprFastViewCut_2018\mprFastViewCut_2018.csproj", "{40ED43A0-4AC0-4DD9-97AE-15A32B6C4C47}"
EndProject
Project("{FAE04EC0-301F-11D3-BF4B-00C04F79EFBC}") = "mprFastViewCut_2019", "mprFastViewCut_2019\mprFastViewCut_2019.csproj", "{3B8089B2-CD71-43B3-8D2E-06C56786A4BB}"
EndProject
Project("{FAE04EC0-301F-11D3-BF4B-00C04F79EFBC}") = "mprFastViewCut_2020", "mprFastViewCut_2020\mprFastViewCut_2020.csproj", "{5EB1EAB5-F928-422F-BA7F-451C3924F79F}"
EndProject
Global
	GlobalSection(SolutionConfigurationPlatforms) = preSolution
		Debug|Any CPU = Debug|Any CPU
		Release|Any CPU = Release|Any CPU
	EndGlobalSection
	GlobalSection(ProjectConfigurationPlatforms) = postSolution
		{351D54CF-FDA4-4196-A5C2-2EB241EDB07E}.Debug|Any CPU.ActiveCfg = Debug|Any CPU
		{351D54CF-FDA4-4196-A5C2-2EB241EDB07E}.Debug|Any CPU.Build.0 = Debug|Any CPU
		{351D54CF-FDA4-4196-A5C2-2EB241EDB07E}.Release|Any CPU.ActiveCfg = Release|Any CPU
		{351D54CF-FDA4-4196-A5C2-2EB241EDB07E}.Release|Any CPU.Build.0 = Release|Any CPU
		{2E4CA71A-0A71-46F1-94E3-4DD9C74188B9}.Debug|Any CPU.ActiveCfg = Debug|Any CPU
		{2E4CA71A-0A71-46F1-94E3-4DD9C74188B9}.Debug|Any CPU.Build.0 = Debug|Any CPU
		{2E4CA71A-0A71-46F1-94E3-4DD9C74188B9}.Release|Any CPU.ActiveCfg = Release|Any CPU
		{2E4CA71A-0A71-46F1-94E3-4DD9C74188B9}.Release|Any CPU.Build.0 = Release|Any CPU
		{F4485AE7-B3E2-4AE3-8F56-C6397B7BC9B0}.Debug|Any CPU.ActiveCfg = Debug|Any CPU
		{F4485AE7-B3E2-4AE3-8F56-C6397B7BC9B0}.Debug|Any CPU.Build.0 = Debug|Any CPU
		{F4485AE7-B3E2-4AE3-8F56-C6397B7BC9B0}.Release|Any CPU.ActiveCfg = Release|Any CPU
		{F4485AE7-B3E2-4AE3-8F56-C6397B7BC9B0}.Release|Any CPU.Build.0 = Release|Any CPU
		{40ED43A0-4AC0-4DD9-97AE-15A32B6C4C47}.Debug|Any CPU.ActiveCfg = Debug|Any CPU
		{40ED43A0-4AC0-4DD9-97AE-15A32B6C4C47}.Debug|Any CPU.Build.0 = Debug|Any CPU
		{40ED43A0-4AC0-4DD9-97AE-15A32B6C4C47}.Release|Any CPU.ActiveCfg = Release|Any CPU
		{40ED43A0-4AC0-4DD9-97AE-15A32B6C4C47}.Release|Any CPU.Build.0 = Release|Any CPU
		{3B8089B2-CD71-43B3-8D2E-06C56786A4BB}.Debug|Any CPU.ActiveCfg = Debug|Any CPU
		{3B8089B2-CD71-43B3-8D2E-06C56786A4BB}.Debug|Any CPU.Build.0 = Debug|Any CPU
		{3B8089B2-CD71-43B3-8D2E-06C56786A4BB}.Release|Any CPU.ActiveCfg = Release|Any CPU
		{3B8089B2-CD71-43B3-8D2E-06C56786A4BB}.Release|Any CPU.Build.0 = Release|Any CPU
		{5EB1EAB5-F928-422F-BA7F-451C3924F79F}.Debug|Any CPU.ActiveCfg = Debug|Any CPU
		{5EB1EAB5-F928-422F-BA7F-451C3924F79F}.Debug|Any CPU.Build.0 = Debug|Any CPU
		{5EB1EAB5-F928-422F-BA7F-451C3924F79F}.Release|Any CPU.ActiveCfg = Release|Any CPU
		{5EB1EAB5-F928-422F-BA7F-451C3924F79F}.Release|Any CPU.Build.0 = Release|Any CPU
	EndGlobalSection
	GlobalSection(SolutionProperties) = preSolution
		HideSolutionNode = FALSE
	EndGlobalSection
	GlobalSection(ExtensibilityGlobals) = postSolution
		SolutionGuid = {5B165F3A-E03A-4BF7-A1E6-FDEA5624374F}
	EndGlobalSection
EndGlobal
